
Microsoft Visual Studio Solution File, Format Version 12.00
# Visual Studio 15
VisualStudioVersion = 15.0.28307.1500
MinimumVisualStudioVersion = 10.0.40219.1
Project("{8BC9CEB8-8B4A-11D0-8D11-00A0C91BC942}") = "emu6502", "emu6502\emu6502.vcxproj", "{040DE831-5376-4BBF-A0DB-025240A0F57C}"
EndProject
Project("{8BC9CEB8-8B4A-11D0-8D11-00A0C91BC942}") = "emu6502test", "emu6502test\emu6502test.vcxproj", "{A47399E9-700E-4488-86B4-3B05737F2E74}"
EndProject
Global
	GlobalSection(Performance) = preSolution
		HasPerformanceSessions = true
	EndGlobalSection
	GlobalSection(SolutionConfigurationPlatforms) = preSolution
		Debug|x64 = Debug|x64
		Debug|x86 = Debug|x86
		Release|x64 = Release|x64
		Release|x86 = Release|x86
	EndGlobalSection
	GlobalSection(ProjectConfigurationPlatforms) = postSolution
		{040DE831-5376-4BBF-A0DB-025240A0F57C}.Debug|x64.ActiveCfg = Debug|x64
		{040DE831-5376-4BBF-A0DB-025240A0F57C}.Debug|x64.Build.0 = Debug|x64
		{040DE831-5376-4BBF-A0DB-025240A0F57C}.Debug|x86.ActiveCfg = Debug|Win32
		{040DE831-5376-4BBF-A0DB-025240A0F57C}.Debug|x86.Build.0 = Debug|Win32
		{040DE831-5376-4BBF-A0DB-025240A0F57C}.Release|x64.ActiveCfg = Release|x64
		{040DE831-5376-4BBF-A0DB-025240A0F57C}.Release|x64.Build.0 = Release|x64
		{040DE831-5376-4BBF-A0DB-025240A0F57C}.Release|x86.ActiveCfg = Release|Win32
		{040DE831-5376-4BBF-A0DB-025240A0F57C}.Release|x86.Build.0 = Release|Win32
		{A47399E9-700E-4488-86B4-3B05737F2E74}.Debug|x64.ActiveCfg = Debug|x64
		{A47399E9-700E-4488-86B4-3B05737F2E74}.Debug|x64.Build.0 = Debug|x64
		{A47399E9-700E-4488-86B4-3B05737F2E74}.Debug|x86.ActiveCfg = Debug|Win32
		{A47399E9-700E-4488-86B4-3B05737F2E74}.Debug|x86.Build.0 = Debug|Win32
		{A47399E9-700E-4488-86B4-3B05737F2E74}.Release|x64.ActiveCfg = Release|x64
		{A47399E9-700E-4488-86B4-3B05737F2E74}.Release|x64.Build.0 = Release|x64
		{A47399E9-700E-4488-86B4-3B05737F2E74}.Release|x86.ActiveCfg = Release|Win32
		{A47399E9-700E-4488-86B4-3B05737F2E74}.Release|x86.Build.0 = Release|Win32
	EndGlobalSection
	GlobalSection(SolutionProperties) = preSolution
		HideSolutionNode = FALSE
	EndGlobalSection
	GlobalSection(ExtensibilityGlobals) = postSolution
		SolutionGuid = {E2CEADD3-74D2-46CD-B8DB-29F3E644A251}
	EndGlobalSection
	GlobalSection(Performance) = preSolution
		HasPerformanceSessions = true
	EndGlobalSection
EndGlobal
